// !$*UTF8*$!
{
	archiveVersion = 1;
	classes = {
	};
	objectVersion = 46;
	objects = {

/* Begin PBXBuildFile section */
		D07371A818F1C3D6008AA8AC /* Foundation.framework in Frameworks */ = {isa = PBXBuildFile; fileRef = D07371A718F1C3D6008AA8AC /* Foundation.framework */; };
		D07371AA18F1C3D6008AA8AC /* CoreGraphics.framework in Frameworks */ = {isa = PBXBuildFile; fileRef = D07371A918F1C3D6008AA8AC /* CoreGraphics.framework */; };
		D07371AC18F1C3D6008AA8AC /* UIKit.framework in Frameworks */ = {isa = PBXBuildFile; fileRef = D07371AB18F1C3D6008AA8AC /* UIKit.framework */; };
		D07371B218F1C3D6008AA8AC /* InfoPlist.strings in Resources */ = {isa = PBXBuildFile; fileRef = D07371B018F1C3D6008AA8AC /* InfoPlist.strings */; };
		D07371B418F1C3D6008AA8AC /* main.m in Sources */ = {isa = PBXBuildFile; fileRef = D07371B318F1C3D6008AA8AC /* main.m */; };
		D07371B818F1C3D6008AA8AC /* AppDelegate.m in Sources */ = {isa = PBXBuildFile; fileRef = D07371B718F1C3D6008AA8AC /* AppDelegate.m */; };
		D07371BB18F1C3D6008AA8AC /* Main.storyboard in Resources */ = {isa = PBXBuildFile; fileRef = D07371B918F1C3D6008AA8AC /* Main.storyboard */; };
		D07371BE18F1C3D6008AA8AC /* ViewController.m in Sources */ = {isa = PBXBuildFile; fileRef = D07371BD18F1C3D6008AA8AC /* ViewController.m */; };
		D07371C018F1C3D6008AA8AC /* Images.xcassets in Resources */ = {isa = PBXBuildFile; fileRef = D07371BF18F1C3D6008AA8AC /* Images.xcassets */; };
		D07371C718F1C3D7008AA8AC /* XCTest.framework in Frameworks */ = {isa = PBXBuildFile; fileRef = D07371C618F1C3D7008AA8AC /* XCTest.framework */; };
		D07371C818F1C3D7008AA8AC /* Foundation.framework in Frameworks */ = {isa = PBXBuildFile; fileRef = D07371A718F1C3D6008AA8AC /* Foundation.framework */; };
		D07371C918F1C3D7008AA8AC /* UIKit.framework in Frameworks */ = {isa = PBXBuildFile; fileRef = D07371AB18F1C3D6008AA8AC /* UIKit.framework */; };
		D07371D118F1C3D7008AA8AC /* InfoPlist.strings in Resources */ = {isa = PBXBuildFile; fileRef = D07371CF18F1C3D7008AA8AC /* InfoPlist.strings */; };
		D07371D318F1C3D7008AA8AC /* UITextField_StackOverflowSampleTests.m in Sources */ = {isa = PBXBuildFile; fileRef = D07371D218F1C3D7008AA8AC /* UITextField_StackOverflowSampleTests.m */; };
/* End PBXBuildFile section */

/* Begin PBXContainerItemProxy section */
		D07371CA18F1C3D7008AA8AC /* PBXContainerItemProxy */ = {
			isa = PBXContainerItemProxy;
			containerPortal = D073719C18F1C3D6008AA8AC /* Project object */;
			proxyType = 1;
			remoteGlobalIDString = D07371A318F1C3D6008AA8AC;
			remoteInfo = "UITextField-StackOverflowSample";
		};
/* End PBXContainerItemProxy section */

/* Begin PBXFileReference section */
		D07371A418F1C3D6008AA8AC /* UITextField-StackOverflowSample.app */ = {isa = PBXFileReference; explicitFileType = wrapper.application; includeInIndex = 0; path = "UITextField-StackOverflowSample.app"; sourceTree = BUILT_PRODUCTS_DIR; };
		D07371A718F1C3D6008AA8AC /* Foundation.framework */ = {isa = PBXFileReference; lastKnownFileType = wrapper.framework; name = Foundation.framework; path = System/Library/Frameworks/Foundation.framework; sourceTree = SDKROOT; };
		D07371A918F1C3D6008AA8AC /* CoreGraphics.framework */ = {isa = PBXFileReference; lastKnownFileType = wrapper.framework; name = CoreGraphics.framework; path = System/Library/Frameworks/CoreGraphics.framework; sourceTree = SDKROOT; };
		D07371AB18F1C3D6008AA8AC /* UIKit.framework */ = {isa = PBXFileReference; lastKnownFileType = wrapper.framework; name = UIKit.framework; path = System/Library/Frameworks/UIKit.framework; sourceTree = SDKROOT; };
		D07371AF18F1C3D6008AA8AC /* UITextField-StackOverflowSample-Info.plist */ = {isa = PBXFileReference; lastKnownFileType = text.plist.xml; path = "UITextField-StackOverflowSample-Info.plist"; sourceTree = "<group>"; };
		D07371B118F1C3D6008AA8AC /* en */ = {isa = PBXFileReference; lastKnownFileType = text.plist.strings; name = en; path = en.lproj/InfoPlist.strings; sourceTree = "<group>"; };
		D07371B318F1C3D6008AA8AC /* main.m */ = {isa = PBXFileReference; lastKnownFileType = sourcecode.c.objc; path = main.m; sourceTree = "<group>"; };
		D07371B518F1C3D6008AA8AC /* UITextField-StackOverflowSample-Prefix.pch */ = {isa = PBXFileReference; lastKnownFileType = sourcecode.c.h; path = "UITextField-StackOverflowSample-Prefix.pch"; sourceTree = "<group>"; };
		D07371B618F1C3D6008AA8AC /* AppDelegate.h */ = {isa = PBXFileReference; lastKnownFileType = sourcecode.c.h; path = AppDelegate.h; sourceTree = "<group>"; };
		D07371B718F1C3D6008AA8AC /* AppDelegate.m */ = {isa = PBXFileReference; lastKnownFileType = sourcecode.c.objc; path = AppDelegate.m; sourceTree = "<group>"; };
		D07371BA18F1C3D6008AA8AC /* Base */ = {isa = PBXFileReference; lastKnownFileType = file.storyboard; name = Base; path = Base.lproj/Main.storyboard; sourceTree = "<group>"; };
		D07371BC18F1C3D6008AA8AC /* ViewController.h */ = {isa = PBXFileReference; lastKnownFileType = sourcecode.c.h; path = ViewController.h; sourceTree = "<group>"; };
		D07371BD18F1C3D6008AA8AC /* ViewController.m */ = {isa = PBXFileReference; lastKnownFileType = sourcecode.c.objc; path = ViewController.m; sourceTree = "<group>"; };
		D07371BF18F1C3D6008AA8AC /* Images.xcassets */ = {isa = PBXFileReference; lastKnownFileType = folder.assetcatalog; path = Images.xcassets; sourceTree = "<group>"; };
		D07371C518F1C3D7008AA8AC /* UITextField-StackOverflowSampleTests.xctest */ = {isa = PBXFileReference; explicitFileType = wrapper.cfbundle; includeInIndex = 0; path = "UITextField-StackOverflowSampleTests.xctest"; sourceTree = BUILT_PRODUCTS_DIR; };
		D07371C618F1C3D7008AA8AC /* XCTest.framework */ = {isa = PBXFileReference; lastKnownFileType = wrapper.framework; name = XCTest.framework; path = Library/Frameworks/XCTest.framework; sourceTree = DEVELOPER_DIR; };
		D07371CE18F1C3D7008AA8AC /* UITextField-StackOverflowSampleTests-Info.plist */ = {isa = PBXFileReference; lastKnownFileType = text.plist.xml; path = "UITextField-StackOverflowSampleTests-Info.plist"; sourceTree = "<group>"; };
		D07371D018F1C3D7008AA8AC /* en */ = {isa = PBXFileReference; lastKnownFileType = text.plist.strings; name = en; path = en.lproj/InfoPlist.strings; sourceTree = "<group>"; };
		D07371D218F1C3D7008AA8AC /* UITextField_StackOverflowSampleTests.m */ = {isa = PBXFileReference; lastKnownFileType = sourcecode.c.objc; path = UITextField_StackOverflowSampleTests.m; sourceTree = "<group>"; };
/* End PBXFileReference section */

/* Begin PBXFrameworksBuildPhase section */
		D07371A118F1C3D6008AA8AC /* Frameworks */ = {
			isa = PBXFrameworksBuildPhase;
			buildActionMask = 2147483647;
			files = (
				D07371AA18F1C3D6008AA8AC /* CoreGraphics.framework in Frameworks */,
				D07371AC18F1C3D6008AA8AC /* UIKit.framework in Frameworks */,
				D07371A818F1C3D6008AA8AC /* Foundation.framework in Frameworks */,
			);
			runOnlyForDeploymentPostprocessing = 0;
		};
		D07371C218F1C3D7008AA8AC /* Frameworks */ = {
			isa = PBXFrameworksBuildPhase;
			buildActionMask = 2147483647;
			files = (
				D07371C718F1C3D7008AA8AC /* XCTest.framework in Frameworks */,
				D07371C918F1C3D7008AA8AC /* UIKit.framework in Frameworks */,
				D07371C818F1C3D7008AA8AC /* Foundation.framework in Frameworks */,
			);
			runOnlyForDeploymentPostprocessing = 0;
		};
/* End PBXFrameworksBuildPhase section */

/* Begin PBXGroup section */
		D073719B18F1C3D6008AA8AC = {
			isa = PBXGroup;
			children = (
				D07371AD18F1C3D6008AA8AC /* UITextField-StackOverflowSample */,
				D07371CC18F1C3D7008AA8AC /* UITextField-StackOverflowSampleTests */,
				D07371A618F1C3D6008AA8AC /* Frameworks */,
				D07371A518F1C3D6008AA8AC /* Products */,
			);
			sourceTree = "<group>";
		};
		D07371A518F1C3D6008AA8AC /* Products */ = {
			isa = PBXGroup;
			children = (
				D07371A418F1C3D6008AA8AC /* UITextField-StackOverflowSample.app */,
				D07371C518F1C3D7008AA8AC /* UITextField-StackOverflowSampleTests.xctest */,
			);
			name = Products;
			sourceTree = "<group>";
		};
		D07371A618F1C3D6008AA8AC /* Frameworks */ = {
			isa = PBXGroup;
			children = (
				D07371A718F1C3D6008AA8AC /* Foundation.framework */,
				D07371A918F1C3D6008AA8AC /* CoreGraphics.framework */,
				D07371AB18F1C3D6008AA8AC /* UIKit.framework */,
				D07371C618F1C3D7008AA8AC /* XCTest.framework */,
			);
			name = Frameworks;
			sourceTree = "<group>";
		};
		D07371AD18F1C3D6008AA8AC /* UITextField-StackOverflowSample */ = {
			isa = PBXGroup;
			children = (
				D07371B618F1C3D6008AA8AC /* AppDelegate.h */,
				D07371B718F1C3D6008AA8AC /* AppDelegate.m */,
				D07371B918F1C3D6008AA8AC /* Main.storyboard */,
				D07371BC18F1C3D6008AA8AC /* ViewController.h */,
				D07371BD18F1C3D6008AA8AC /* ViewController.m */,
				D07371BF18F1C3D6008AA8AC /* Images.xcassets */,
				D07371AE18F1C3D6008AA8AC /* Supporting Files */,
			);
			path = "UITextField-StackOverflowSample";
			sourceTree = "<group>";
		};
		D07371AE18F1C3D6008AA8AC /* Supporting Files */ = {
			isa = PBXGroup;
			children = (
				D07371AF18F1C3D6008AA8AC /* UITextField-StackOverflowSample-Info.plist */,
				D07371B018F1C3D6008AA8AC /* InfoPlist.strings */,
				D07371B318F1C3D6008AA8AC /* main.m */,
				D07371B518F1C3D6008AA8AC /* UITextField-StackOverflowSample-Prefix.pch */,
			);
			name = "Supporting Files";
			sourceTree = "<group>";
		};
		D07371CC18F1C3D7008AA8AC /* UITextField-StackOverflowSampleTests */ = {
			isa = PBXGroup;
			children = (
				D07371D218F1C3D7008AA8AC /* UITextField_StackOverflowSampleTests.m */,
				D07371CD18F1C3D7008AA8AC /* Supporting Files */,
			);
			path = "UITextField-StackOverflowSampleTests";
			sourceTree = "<group>";
		};
		D07371CD18F1C3D7008AA8AC /* Supporting Files */ = {
			isa = PBXGroup;
			children = (
				D07371CE18F1C3D7008AA8AC /* UITextField-StackOverflowSampleTests-Info.plist */,
				D07371CF18F1C3D7008AA8AC /* InfoPlist.strings */,
			);
			name = "Supporting Files";
			sourceTree = "<group>";
		};
/* End PBXGroup section */

/* Begin PBXNativeTarget section */
		D07371A318F1C3D6008AA8AC /* UITextField-StackOverflowSample */ = {
			isa = PBXNativeTarget;
			buildConfigurationList = D07371D618F1C3D7008AA8AC /* Build configuration list for PBXNativeTarget "UITextField-StackOverflowSample" */;
			buildPhases = (
				D07371A018F1C3D6008AA8AC /* Sources */,
				D07371A118F1C3D6008AA8AC /* Frameworks */,
				D07371A218F1C3D6008AA8AC /* Resources */,
			);
			buildRules = (
			);
			dependencies = (
			);
			name = "UITextField-StackOverflowSample";
			productName = "UITextField-StackOverflowSample";
			productReference = D07371A418F1C3D6008AA8AC /* UITextField-StackOverflowSample.app */;
			productType = "com.apple.product-type.application";
		};
		D07371C418F1C3D7008AA8AC /* UITextField-StackOverflowSampleTests */ = {
			isa = PBXNativeTarget;
			buildConfigurationList = D07371D918F1C3D7008AA8AC /* Build configuration list for PBXNativeTarget "UITextField-StackOverflowSampleTests" */;
			buildPhases = (
				D07371C118F1C3D7008AA8AC /* Sources */,
				D07371C218F1C3D7008AA8AC /* Frameworks */,
				D07371C318F1C3D7008AA8AC /* Resources */,
			);
			buildRules = (
			);
			dependencies = (
				D07371CB18F1C3D7008AA8AC /* PBXTargetDependency */,
			);
			name = "UITextField-StackOverflowSampleTests";
			productName = "UITextField-StackOverflowSampleTests";
			productReference = D07371C518F1C3D7008AA8AC /* UITextField-StackOverflowSampleTests.xctest */;
			productType = "com.apple.product-type.bundle.unit-test";
		};
/* End PBXNativeTarget section */

/* Begin PBXProject section */
		D073719C18F1C3D6008AA8AC /* Project object */ = {
			isa = PBXProject;
			attributes = {
				LastUpgradeCheck = 0500;
				ORGANIZATIONNAME = NeilGaliaskarov;
				TargetAttributes = {
					D07371C418F1C3D7008AA8AC = {
						TestTargetID = D07371A318F1C3D6008AA8AC;
					};
				};
			};
			buildConfigurationList = D073719F18F1C3D6008AA8AC /* Build configuration list for PBXProject "UITextField-StackOverflowSample" */;
			compatibilityVersion = "Xcode 3.2";
			developmentRegion = English;
			hasScannedForEncodings = 0;
			knownRegions = (
				en,
				Base,
			);
			mainGroup = D073719B18F1C3D6008AA8AC;
			productRefGroup = D07371A518F1C3D6008AA8AC /* Products */;
			projectDirPath = "";
			projectRoot = "";
			targets = (
				D07371A318F1C3D6008AA8AC /* UITextField-StackOverflowSample */,
				D07371C418F1C3D7008AA8AC /* UITextField-StackOverflowSampleTests */,
			);
		};
/* End PBXProject section */

/* Begin PBXResourcesBuildPhase section */
		D07371A218F1C3D6008AA8AC /* Resources */ = {
			isa = PBXResourcesBuildPhase;
			buildActionMask = 2147483647;
			files = (
				D07371C018F1C3D6008AA8AC /* Images.xcassets in Resources */,
				D07371B218F1C3D6008AA8AC /* InfoPlist.strings in Resources */,
				D07371BB18F1C3D6008AA8AC /* Main.storyboard in Resources */,
			);
			runOnlyForDeploymentPostprocessing = 0;
		};
		D07371C318F1C3D7008AA8AC /* Resources */ = {
			isa = PBXResourcesBuildPhase;
			buildActionMask = 2147483647;
			files = (
				D07371D118F1C3D7008AA8AC /* InfoPlist.strings in Resources */,
			);
			runOnlyForDeploymentPostprocessing = 0;
		};
/* End PBXResourcesBuildPhase section */

/* Begin PBXSourcesBuildPhase section */
		D07371A018F1C3D6008AA8AC /* Sources */ = {
			isa = PBXSourcesBuildPhase;
			buildActionMask = 2147483647;
			files = (
				D07371BE18F1C3D6008AA8AC /* ViewController.m in Sources */,
				D07371B818F1C3D6008AA8AC /* AppDelegate.m in Sources */,
				D07371B418F1C3D6008AA8AC /* main.m in Sources */,
			);
			runOnlyForDeploymentPostprocessing = 0;
		};
		D07371C118F1C3D7008AA8AC /* Sources */ = {
			isa = PBXSourcesBuildPhase;
			buildActionMask = 2147483647;
			files = (
				D07371D318F1C3D7008AA8AC /* UITextField_StackOverflowSampleTests.m in Sources */,
			);
			runOnlyForDeploymentPostprocessing = 0;
		};
/* End PBXSourcesBuildPhase section */

/* Begin PBXTargetDependency section */
		D07371CB18F1C3D7008AA8AC /* PBXTargetDependency */ = {
			isa = PBXTargetDependency;
			target = D07371A318F1C3D6008AA8AC /* UITextField-StackOverflowSample */;
			targetProxy = D07371CA18F1C3D7008AA8AC /* PBXContainerItemProxy */;
		};
/* End PBXTargetDependency section */

/* Begin PBXVariantGroup section */
		D07371B018F1C3D6008AA8AC /* InfoPlist.strings */ = {
			isa = PBXVariantGroup;
			children = (
				D07371B118F1C3D6008AA8AC /* en */,
			);
			name = InfoPlist.strings;
			sourceTree = "<group>";
		};
		D07371B918F1C3D6008AA8AC /* Main.storyboard */ = {
			isa = PBXVariantGroup;
			children = (
				D07371BA18F1C3D6008AA8AC /* Base */,
			);
			name = Main.storyboard;
			sourceTree = "<group>";
		};
		D07371CF18F1C3D7008AA8AC /* InfoPlist.strings */ = {
			isa = PBXVariantGroup;
			children = (
				D07371D018F1C3D7008AA8AC /* en */,
			);
			name = InfoPlist.strings;
			sourceTree = "<group>";
		};
/* End PBXVariantGroup section */

/* Begin XCBuildConfiguration section */
		D07371D418F1C3D7008AA8AC /* Debug */ = {
			isa = XCBuildConfiguration;
			buildSettings = {
				ALWAYS_SEARCH_USER_PATHS = NO;
				ARCHS = "$(ARCHS_STANDARD_INCLUDING_64_BIT)";
				CLANG_CXX_LANGUAGE_STANDARD = "gnu++0x";
				CLANG_CXX_LIBRARY = "libc++";
				CLANG_ENABLE_MODULES = YES;
				CLANG_ENABLE_OBJC_ARC = YES;
				CLANG_WARN_BOOL_CONVERSION = YES;
				CLANG_WARN_CONSTANT_CONVERSION = YES;
				CLANG_WARN_DIRECT_OBJC_ISA_USAGE = YES_ERROR;
				CLANG_WARN_EMPTY_BODY = YES;
				CLANG_WARN_ENUM_CONVERSION = YES;
				CLANG_WARN_INT_CONVERSION = YES;
				CLANG_WARN_OBJC_ROOT_CLASS = YES_ERROR;
				CLANG_WARN__DUPLICATE_METHOD_MATCH = YES;
				"CODE_SIGN_IDENTITY[sdk=iphoneos*]" = "iPhone Developer";
				COPY_PHASE_STRIP = NO;
				GCC_C_LANGUAGE_STANDARD = gnu99;
				GCC_DYNAMIC_NO_PIC = NO;
				GCC_OPTIMIZATION_LEVEL = 0;
				GCC_PREPROCESSOR_DEFINITIONS = (
					"DEBUG=1",
					"$(inherited)",
				);
				GCC_SYMBOLS_PRIVATE_EXTERN = NO;
				GCC_WARN_64_TO_32_BIT_CONVERSION = YES;
				GCC_WARN_ABOUT_RETURN_TYPE = YES_ERROR;
				GCC_WARN_UNDECLARED_SELECTOR = YES;
				GCC_WARN_UNINITIALIZED_AUTOS = YES;
				GCC_WARN_UNUSED_FUNCTION = YES;
				GCC_WARN_UNUSED_VARIABLE = YES;
				IPHONEOS_DEPLOYMENT_TARGET = 7.0;
				ONLY_ACTIVE_ARCH = YES;
				SDKROOT = iphoneos;
			};
			name = Debug;
		};
		D07371D518F1C3D7008AA8AC /* Release */ = {
			isa = XCBuildConfiguration;
			buildSettings = {
				ALWAYS_SEARCH_USER_PATHS = NO;
				ARCHS = "$(ARCHS_STANDARD_INCLUDING_64_BIT)";
				CLANG_CXX_LANGUAGE_STANDARD = "gnu++0x";
				CLANG_CXX_LIBRARY = "libc++";
				CLANG_ENABLE_MODULES = YES;
				CLANG_ENABLE_OBJC_ARC = YES;
				CLANG_WARN_BOOL_CONVERSION = YES;
				CLANG_WARN_CONSTANT_CONVERSION = YES;
				CLANG_WARN_DIRECT_OBJC_ISA_USAGE = YES_ERROR;
				CLANG_WARN_EMPTY_BODY = YES;
				CLANG_WARN_ENUM_CONVERSION = YES;
				CLANG_WARN_INT_CONVERSION = YES;
				CLANG_WARN_OBJC_ROOT_CLASS = YES_ERROR;
				CLANG_WARN__DUPLICATE_METHOD_MATCH = YES;
				"CODE_SIGN_IDENTITY[sdk=iphoneos*]" = "iPhone Developer";
				COPY_PHASE_STRIP = YES;
				ENABLE_NS_ASSERTIONS = NO;
				GCC_C_LANGUAGE_STANDARD = gnu99;
				GCC_WARN_64_TO_32_BIT_CONVERSION = YES;
				GCC_WARN_ABOUT_RETURN_TYPE = YES_ERROR;
				GCC_WARN_UNDECLARED_SELECTOR = YES;
				GCC_WARN_UNINITIALIZED_AUTOS = YES;
				GCC_WARN_UNUSED_FUNCTION = YES;
				GCC_WARN_UNUSED_VARIABLE = YES;
				IPHONEOS_DEPLOYMENT_TARGET = 7.0;
				SDKROOT = iphoneos;
				VALIDATE_PRODUCT = YES;
			};
			name = Release;
		};
		D07371D718F1C3D7008AA8AC /* Debug */ = {
			isa = XCBuildConfiguration;
			buildSettings = {
				ASSETCATALOG_COMPILER_APPICON_NAME = AppIcon;
				ASSETCATALOG_COMPILER_LAUNCHIMAGE_NAME = LaunchImage;
				GCC_PRECOMPILE_PREFIX_HEADER = YES;
				GCC_PREFIX_HEADER = "UITextField-StackOverflowSample/UITextField-StackOverflowSample-Prefix.pch";
				INFOPLIST_FILE = "UITextField-StackOverflowSample/UITextField-StackOverflowSample-Info.plist";
				PRODUCT_NAME = "$(TARGET_NAME)";
				WRAPPER_EXTENSION = app;
			};
			name = Debug;
		};
		D07371D818F1C3D7008AA8AC /* Release */ = {
			isa = XCBuildConfiguration;
			buildSettings = {
				ASSETCATALOG_COMPILER_APPICON_NAME = AppIcon;
				ASSETCATALOG_COMPILER_LAUNCHIMAGE_NAME = LaunchImage;
				GCC_PRECOMPILE_PREFIX_HEADER = YES;
				GCC_PREFIX_HEADER = "UITextField-StackOverflowSample/UITextField-StackOverflowSample-Prefix.pch";
				INFOPLIST_FILE = "UITextField-StackOverflowSample/UITextField-StackOverflowSample-Info.plist";
				PRODUCT_NAME = "$(TARGET_NAME)";
				WRAPPER_EXTENSION = app;
			};
			name = Release;
		};
		D07371DA18F1C3D7008AA8AC /* Debug */ = {
			isa = XCBuildConfiguration;
			buildSettings = {
				ARCHS = "$(ARCHS_STANDARD_INCLUDING_64_BIT)";
				BUNDLE_LOADER = "$(BUILT_PRODUCTS_DIR)/UITextField-StackOverflowSample.app/UITextField-StackOverflowSample";
				FRAMEWORK_SEARCH_PATHS = (
					"$(SDKROOT)/Developer/Library/Frameworks",
					"$(inherited)",
					"$(DEVELOPER_FRAMEWORKS_DIR)",
				);
				GCC_PRECOMPILE_PREFIX_HEADER = YES;
				GCC_PREFIX_HEADER = "UITextField-StackOverflowSample/UITextField-StackOverflowSample-Prefix.pch";
				GCC_PREPROCESSOR_DEFINITIONS = (
					"DEBUG=1",
					"$(inherited)",
				);
				INFOPLIST_FILE = "UITextField-StackOverflowSampleTests/UITextField-StackOverflowSampleTests-Info.plist";
				PRODUCT_NAME = "$(TARGET_NAME)";
				TEST_HOST = "$(BUNDLE_LOADER)";
				WRAPPER_EXTENSION = xctest;
			};
			name = Debug;
		};
		D07371DB18F1C3D7008AA8AC /* Release */ = {
			isa = XCBuildConfiguration;
			buildSettings = {
				ARCHS = "$(ARCHS_STANDARD_INCLUDING_64_BIT)";
				BUNDLE_LOADER = "$(BUILT_PRODUCTS_DIR)/UITextField-StackOverflowSample.app/UITextField-StackOverflowSample";
				FRAMEWORK_SEARCH_PATHS = (
					"$(SDKROOT)/Developer/Library/Frameworks",
					"$(inherited)",
					"$(DEVELOPER_FRAMEWORKS_DIR)",
				);
				GCC_PRECOMPILE_PREFIX_HEADER = YES;
				GCC_PREFIX_HEADER = "UITextField-StackOverflowSample/UITextField-StackOverflowSample-Prefix.pch";
				INFOPLIST_FILE = "UITextField-StackOverflowSampleTests/UITextField-StackOverflowSampleTests-Info.plist";
				PRODUCT_NAME = "$(TARGET_NAME)";
				TEST_HOST = "$(BUNDLE_LOADER)";
				WRAPPER_EXTENSION = xctest;
			};
			name = Release;
		};
/* End XCBuildConfiguration section */

/* Begin XCConfigurationList section */
		D073719F18F1C3D6008AA8AC /* Build configuration list for PBXProject "UITextField-StackOverflowSample" */ = {
			isa = XCConfigurationList;
			buildConfigurations = (
				D07371D418F1C3D7008AA8AC /* Debug */,
				D07371D518F1C3D7008AA8AC /* Release */,
			);
			defaultConfigurationIsVisible = 0;
			defaultConfigurationName = Release;
		};
		D07371D618F1C3D7008AA8AC /* Build configuration list for PBXNativeTarget "UITextField-StackOverflowSample" */ = {
			isa = XCConfigurationList;
			buildConfigurations = (
				D07371D718F1C3D7008AA8AC /* Debug */,
				D07371D818F1C3D7008AA8AC /* Release */,
			);
			defaultConfigurationIsVisible = 0;
		};
		D07371D918F1C3D7008AA8AC /* Build configuration list for PBXNativeTarget "UITextField-StackOverflowSampleTests" */ = {
			isa = XCConfigurationList;
			buildConfigurations = (
				D07371DA18F1C3D7008AA8AC /* Debug */,
				D07371DB18F1C3D7008AA8AC /* Release */,
			);
			defaultConfigurationIsVisible = 0;
		};
/* End XCConfigurationList section */
	};
	rootObject = D073719C18F1C3D6008AA8AC /* Project object */;
}
